// !$*UTF8*$!
{
	archiveVersion = 1;
	classes = {
	};
	objectVersion = 56;
	objects = {

/* Begin PBXBuildFile section */
		4EA739AE2B4E78BA00D6FD59 /* NBOnboardingEcommerceAppApp.swift in Sources */ = {isa = PBXBuildFile; fileRef = 4EA739AD2B4E78BA00D6FD59 /* NBOnboardingEcommerceAppApp.swift */; };
		4EA739B02B4E78BA00D6FD59 /* ContentView.swift in Sources */ = {isa = PBXBuildFile; fileRef = 4EA739AF2B4E78BA00D6FD59 /* ContentView.swift */; };
		4EA739B22B4E78BE00D6FD59 /* Assets.xcassets in Resources */ = {isa = PBXBuildFile; fileRef = 4EA739B12B4E78BE00D6FD59 /* Assets.xcassets */; };
		4EA739B52B4E78BE00D6FD59 /* Preview Assets.xcassets in Resources */ = {isa = PBXBuildFile; fileRef = 4EA739B42B4E78BE00D6FD59 /* Preview Assets.xcassets */; };
		4EA739BF2B4E78BF00D6FD59 /* NBOnboardingEcommerceAppTests.swift in Sources */ = {isa = PBXBuildFile; fileRef = 4EA739BE2B4E78BF00D6FD59 /* NBOnboardingEcommerceAppTests.swift */; };
		4EA739C92B4E78BF00D6FD59 /* NBOnboardingEcommerceAppUITests.swift in Sources */ = {isa = PBXBuildFile; fileRef = 4EA739C82B4E78BF00D6FD59 /* NBOnboardingEcommerceAppUITests.swift */; };
		4EA739CB2B4E78BF00D6FD59 /* NBOnboardingEcommerceAppUITestsLaunchTests.swift in Sources */ = {isa = PBXBuildFile; fileRef = 4EA739CA2B4E78BF00D6FD59 /* NBOnboardingEcommerceAppUITestsLaunchTests.swift */; };
/* End PBXBuildFile section */

/* Begin PBXContainerItemProxy section */
		4EA739BB2B4E78BF00D6FD59 /* PBXContainerItemProxy */ = {
			isa = PBXContainerItemProxy;
			containerPortal = 4EA739A22B4E78B900D6FD59 /* Project object */;
			proxyType = 1;
			remoteGlobalIDString = 4EA739A92B4E78B900D6FD59;
			remoteInfo = NBOnboardingEcommerceApp;
		};
		4EA739C52B4E78BF00D6FD59 /* PBXContainerItemProxy */ = {
			isa = PBXContainerItemProxy;
			containerPortal = 4EA739A22B4E78B900D6FD59 /* Project object */;
			proxyType = 1;
			remoteGlobalIDString = 4EA739A92B4E78B900D6FD59;
			remoteInfo = NBOnboardingEcommerceApp;
		};
/* End PBXContainerItemProxy section */

/* Begin PBXFileReference section */
		4EA739AA2B4E78BA00D6FD59 /* NBOnboardingEcommerceApp.app */ = {isa = PBXFileReference; explicitFileType = wrapper.application; includeInIndex = 0; path = NBOnboardingEcommerceApp.app; sourceTree = BUILT_PRODUCTS_DIR; };
		4EA739AD2B4E78BA00D6FD59 /* NBOnboardingEcommerceAppApp.swift */ = {isa = PBXFileReference; lastKnownFileType = sourcecode.swift; path = NBOnboardingEcommerceAppApp.swift; sourceTree = "<group>"; };
		4EA739AF2B4E78BA00D6FD59 /* ContentView.swift */ = {isa = PBXFileReference; lastKnownFileType = sourcecode.swift; path = ContentView.swift; sourceTree = "<group>"; };
		4EA739B12B4E78BE00D6FD59 /* Assets.xcassets */ = {isa = PBXFileReference; lastKnownFileType = folder.assetcatalog; path = Assets.xcassets; sourceTree = "<group>"; };
		4EA739B42B4E78BE00D6FD59 /* Preview Assets.xcassets */ = {isa = PBXFileReference; lastKnownFileType = folder.assetcatalog; path = "Preview Assets.xcassets"; sourceTree = "<group>"; };
		4EA739BA2B4E78BF00D6FD59 /* NBOnboardingEcommerceAppTests.xctest */ = {isa = PBXFileReference; explicitFileType = wrapper.cfbundle; includeInIndex = 0; path = NBOnboardingEcommerceAppTests.xctest; sourceTree = BUILT_PRODUCTS_DIR; };
		4EA739BE2B4E78BF00D6FD59 /* NBOnboardingEcommerceAppTests.swift */ = {isa = PBXFileReference; lastKnownFileType = sourcecode.swift; path = NBOnboardingEcommerceAppTests.swift; sourceTree = "<group>"; };
		4EA739C42B4E78BF00D6FD59 /* NBOnboardingEcommerceAppUITests.xctest */ = {isa = PBXFileReference; explicitFileType = wrapper.cfbundle; includeInIndex = 0; path = NBOnboardingEcommerceAppUITests.xctest; sourceTree = BUILT_PRODUCTS_DIR; };
		4EA739C82B4E78BF00D6FD59 /* NBOnboardingEcommerceAppUITests.swift */ = {isa = PBXFileReference; lastKnownFileType = sourcecode.swift; path = NBOnboardingEcommerceAppUITests.swift; sourceTree = "<group>"; };
		4EA739CA2B4E78BF00D6FD59 /* NBOnboardingEcommerceAppUITestsLaunchTests.swift */ = {isa = PBXFileReference; lastKnownFileType = sourcecode.swift; path = NBOnboardingEcommerceAppUITestsLaunchTests.swift; sourceTree = "<group>"; };
/* End PBXFileReference section */

/* Begin PBXFrameworksBuildPhase section */
		4EA739A72B4E78B900D6FD59 /* Frameworks */ = {
			isa = PBXFrameworksBuildPhase;
			buildActionMask = 2147483647;
			files = (
			);
			runOnlyForDeploymentPostprocessing = 0;
		};
		4EA739B72B4E78BF00D6FD59 /* Frameworks */ = {
			isa = PBXFrameworksBuildPhase;
			buildActionMask = 2147483647;
			files = (
			);
			runOnlyForDeploymentPostprocessing = 0;
		};
		4EA739C12B4E78BF00D6FD59 /* Frameworks */ = {
			isa = PBXFrameworksBuildPhase;
			buildActionMask = 2147483647;
			files = (
			);
			runOnlyForDeploymentPostprocessing = 0;
		};
/* End PBXFrameworksBuildPhase section */

/* Begin PBXGroup section */
		4EA739A12B4E78B900D6FD59 = {
			isa = PBXGroup;
			children = (
				4EA739AC2B4E78BA00D6FD59 /* NBOnboardingEcommerceApp */,
				4EA739BD2B4E78BF00D6FD59 /* NBOnboardingEcommerceAppTests */,
				4EA739C72B4E78BF00D6FD59 /* NBOnboardingEcommerceAppUITests */,
				4EA739AB2B4E78BA00D6FD59 /* Products */,
			);
			sourceTree = "<group>";
		};
		4EA739AB2B4E78BA00D6FD59 /* Products */ = {
			isa = PBXGroup;
			children = (
				4EA739AA2B4E78BA00D6FD59 /* NBOnboardingEcommerceApp.app */,
				4EA739BA2B4E78BF00D6FD59 /* NBOnboardingEcommerceAppTests.xctest */,
				4EA739C42B4E78BF00D6FD59 /* NBOnboardingEcommerceAppUITests.xctest */,
			);
			name = Products;
			sourceTree = "<group>";
		};
		4EA739AC2B4E78BA00D6FD59 /* NBOnboardingEcommerceApp */ = {
			isa = PBXGroup;
			children = (
				4EA739AD2B4E78BA00D6FD59 /* NBOnboardingEcommerceAppApp.swift */,
				4EA739AF2B4E78BA00D6FD59 /* ContentView.swift */,
				4EA739B12B4E78BE00D6FD59 /* Assets.xcassets */,
				4EA739B32B4E78BE00D6FD59 /* Preview Content */,
			);
			path = NBOnboardingEcommerceApp;
			sourceTree = "<group>";
		};
		4EA739B32B4E78BE00D6FD59 /* Preview Content */ = {
			isa = PBXGroup;
			children = (
				4EA739B42B4E78BE00D6FD59 /* Preview Assets.xcassets */,
			);
			path = "Preview Content";
			sourceTree = "<group>";
		};
		4EA739BD2B4E78BF00D6FD59 /* NBOnboardingEcommerceAppTests */ = {
			isa = PBXGroup;
			children = (
				4EA739BE2B4E78BF00D6FD59 /* NBOnboardingEcommerceAppTests.swift */,
			);
			path = NBOnboardingEcommerceAppTests;
			sourceTree = "<group>";
		};
		4EA739C72B4E78BF00D6FD59 /* NBOnboardingEcommerceAppUITests */ = {
			isa = PBXGroup;
			children = (
				4EA739C82B4E78BF00D6FD59 /* NBOnboardingEcommerceAppUITests.swift */,
				4EA739CA2B4E78BF00D6FD59 /* NBOnboardingEcommerceAppUITestsLaunchTests.swift */,
			);
			path = NBOnboardingEcommerceAppUITests;
			sourceTree = "<group>";
		};
/* End PBXGroup section */

/* Begin PBXNativeTarget section */
		4EA739A92B4E78B900D6FD59 /* NBOnboardingEcommerceApp */ = {
			isa = PBXNativeTarget;
			buildConfigurationList = 4EA739CE2B4E78BF00D6FD59 /* Build configuration list for PBXNativeTarget "NBOnboardingEcommerceApp" */;
			buildPhases = (
				4EA739A62B4E78B900D6FD59 /* Sources */,
				4EA739A72B4E78B900D6FD59 /* Frameworks */,
				4EA739A82B4E78B900D6FD59 /* Resources */,
			);
			buildRules = (
			);
			dependencies = (
			);
			name = NBOnboardingEcommerceApp;
			productName = NBOnboardingEcommerceApp;
			productReference = 4EA739AA2B4E78BA00D6FD59 /* NBOnboardingEcommerceApp.app */;
			productType = "com.apple.product-type.application";
		};
		4EA739B92B4E78BF00D6FD59 /* NBOnboardingEcommerceAppTests */ = {
			isa = PBXNativeTarget;
			buildConfigurationList = 4EA739D12B4E78BF00D6FD59 /* Build configuration list for PBXNativeTarget "NBOnboardingEcommerceAppTests" */;
			buildPhases = (
				4EA739B62B4E78BF00D6FD59 /* Sources */,
				4EA739B72B4E78BF00D6FD59 /* Frameworks */,
				4EA739B82B4E78BF00D6FD59 /* Resources */,
			);
			buildRules = (
			);
			dependencies = (
				4EA739BC2B4E78BF00D6FD59 /* PBXTargetDependency */,
			);
			name = NBOnboardingEcommerceAppTests;
			productName = NBOnboardingEcommerceAppTests;
			productReference = 4EA739BA2B4E78BF00D6FD59 /* NBOnboardingEcommerceAppTests.xctest */;
			productType = "com.apple.product-type.bundle.unit-test";
		};
		4EA739C32B4E78BF00D6FD59 /* NBOnboardingEcommerceAppUITests */ = {
			isa = PBXNativeTarget;
			buildConfigurationList = 4EA739D42B4E78BF00D6FD59 /* Build configuration list for PBXNativeTarget "NBOnboardingEcommerceAppUITests" */;
			buildPhases = (
				4EA739C02B4E78BF00D6FD59 /* Sources */,
				4EA739C12B4E78BF00D6FD59 /* Frameworks */,
				4EA739C22B4E78BF00D6FD59 /* Resources */,
			);
			buildRules = (
			);
			dependencies = (
				4EA739C62B4E78BF00D6FD59 /* PBXTargetDependency */,
			);
			name = NBOnboardingEcommerceAppUITests;
			productName = NBOnboardingEcommerceAppUITests;
			productReference = 4EA739C42B4E78BF00D6FD59 /* NBOnboardingEcommerceAppUITests.xctest */;
			productType = "com.apple.product-type.bundle.ui-testing";
		};
/* End PBXNativeTarget section */

/* Begin PBXProject section */
		4EA739A22B4E78B900D6FD59 /* Project object */ = {
			isa = PBXProject;
			attributes = {
				BuildIndependentTargetsInParallel = 1;
				LastSwiftUpdateCheck = 1420;
				LastUpgradeCheck = 1420;
				TargetAttributes = {
					4EA739A92B4E78B900D6FD59 = {
						CreatedOnToolsVersion = 14.2;
					};
					4EA739B92B4E78BF00D6FD59 = {
						CreatedOnToolsVersion = 14.2;
						TestTargetID = 4EA739A92B4E78B900D6FD59;
					};
					4EA739C32B4E78BF00D6FD59 = {
						CreatedOnToolsVersion = 14.2;
						TestTargetID = 4EA739A92B4E78B900D6FD59;
					};
				};
			};
			buildConfigurationList = 4EA739A52B4E78B900D6FD59 /* Build configuration list for PBXProject "NBOnboardingEcommerceApp" */;
			compatibilityVersion = "Xcode 14.0";
			developmentRegion = en;
			hasScannedForEncodings = 0;
			knownRegions = (
				en,
				Base,
			);
			mainGroup = 4EA739A12B4E78B900D6FD59;
			productRefGroup = 4EA739AB2B4E78BA00D6FD59 /* Products */;
			projectDirPath = "";
			projectRoot = "";
			targets = (
				4EA739A92B4E78B900D6FD59 /* NBOnboardingEcommerceApp */,
				4EA739B92B4E78BF00D6FD59 /* NBOnboardingEcommerceAppTests */,
				4EA739C32B4E78BF00D6FD59 /* NBOnboardingEcommerceAppUITests */,
			);
		};
/* End PBXProject section */

/* Begin PBXResourcesBuildPhase section */
		4EA739A82B4E78B900D6FD59 /* Resources */ = {
			isa = PBXResourcesBuildPhase;
			buildActionMask = 2147483647;
			files = (
				4EA739B52B4E78BE00D6FD59 /* Preview Assets.xcassets in Resources */,
				4EA739B22B4E78BE00D6FD59 /* Assets.xcassets in Resources */,
			);
			runOnlyForDeploymentPostprocessing = 0;
		};
		4EA739B82B4E78BF00D6FD59 /* Resources */ = {
			isa = PBXResourcesBuildPhase;
			buildActionMask = 2147483647;
			files = (
			);
			runOnlyForDeploymentPostprocessing = 0;
		};
		4EA739C22B4E78BF00D6FD59 /* Resources */ = {
			isa = PBXResourcesBuildPhase;
			buildActionMask = 2147483647;
			files = (
			);
			runOnlyForDeploymentPostprocessing = 0;
		};
/* End PBXResourcesBuildPhase section */

/* Begin PBXSourcesBuildPhase section */
		4EA739A62B4E78B900D6FD59 /* Sources */ = {
			isa = PBXSourcesBuildPhase;
			buildActionMask = 2147483647;
			files = (
				4EA739B02B4E78BA00D6FD59 /* ContentView.swift in Sources */,
				4EA739AE2B4E78BA00D6FD59 /* NBOnboardingEcommerceAppApp.swift in Sources */,
			);
			runOnlyForDeploymentPostprocessing = 0;
		};
		4EA739B62B4E78BF00D6FD59 /* Sources */ = {
			isa = PBXSourcesBuildPhase;
			buildActionMask = 2147483647;
			files = (
				4EA739BF2B4E78BF00D6FD59 /* NBOnboardingEcommerceAppTests.swift in Sources */,
			);
			runOnlyForDeploymentPostprocessing = 0;
		};
		4EA739C02B4E78BF00D6FD59 /* Sources */ = {
			isa = PBXSourcesBuildPhase;
			buildActionMask = 2147483647;
			files = (
				4EA739CB2B4E78BF00D6FD59 /* NBOnboardingEcommerceAppUITestsLaunchTests.swift in Sources */,
				4EA739C92B4E78BF00D6FD59 /* NBOnboardingEcommerceAppUITests.swift in Sources */,
			);
			runOnlyForDeploymentPostprocessing = 0;
		};
/* End PBXSourcesBuildPhase section */

/* Begin PBXTargetDependency section */
		4EA739BC2B4E78BF00D6FD59 /* PBXTargetDependency */ = {
			isa = PBXTargetDependency;
			target = 4EA739A92B4E78B900D6FD59 /* NBOnboardingEcommerceApp */;
			targetProxy = 4EA739BB2B4E78BF00D6FD59 /* PBXContainerItemProxy */;
		};
		4EA739C62B4E78BF00D6FD59 /* PBXTargetDependency */ = {
			isa = PBXTargetDependency;
			target = 4EA739A92B4E78B900D6FD59 /* NBOnboardingEcommerceApp */;
			targetProxy = 4EA739C52B4E78BF00D6FD59 /* PBXContainerItemProxy */;
		};
/* End PBXTargetDependency section */

/* Begin XCBuildConfiguration section */
		4EA739CC2B4E78BF00D6FD59 /* Debug */ = {
			isa = XCBuildConfiguration;
			buildSettings = {
				ALWAYS_SEARCH_USER_PATHS = NO;
				CLANG_ANALYZER_NONNULL = YES;
				CLANG_ANALYZER_NUMBER_OBJECT_CONVERSION = YES_AGGRESSIVE;
				CLANG_CXX_LANGUAGE_STANDARD = "gnu++20";
				CLANG_ENABLE_MODULES = YES;
				CLANG_ENABLE_OBJC_ARC = YES;
				CLANG_ENABLE_OBJC_WEAK = YES;
				CLANG_WARN_BLOCK_CAPTURE_AUTORELEASING = YES;
				CLANG_WARN_BOOL_CONVERSION = YES;
				CLANG_WARN_COMMA = YES;
				CLANG_WARN_CONSTANT_CONVERSION = YES;
				CLANG_WARN_DEPRECATED_OBJC_IMPLEMENTATIONS = YES;
				CLANG_WARN_DIRECT_OBJC_ISA_USAGE = YES_ERROR;
				CLANG_WARN_DOCUMENTATION_COMMENTS = YES;
				CLANG_WARN_EMPTY_BODY = YES;
				CLANG_WARN_ENUM_CONVERSION = YES;
				CLANG_WARN_INFINITE_RECURSION = YES;
				CLANG_WARN_INT_CONVERSION = YES;
				CLANG_WARN_NON_LITERAL_NULL_CONVERSION = YES;
				CLANG_WARN_OBJC_IMPLICIT_RETAIN_SELF = YES;
				CLANG_WARN_OBJC_LITERAL_CONVERSION = YES;
				CLANG_WARN_OBJC_ROOT_CLASS = YES_ERROR;
				CLANG_WARN_QUOTED_INCLUDE_IN_FRAMEWORK_HEADER = YES;
				CLANG_WARN_RANGE_LOOP_ANALYSIS = YES;
				CLANG_WARN_STRICT_PROTOTYPES = YES;
				CLANG_WARN_SUSPICIOUS_MOVE = YES;
				CLANG_WARN_UNGUARDED_AVAILABILITY = YES_AGGRESSIVE;
				CLANG_WARN_UNREACHABLE_CODE = YES;
				CLANG_WARN__DUPLICATE_METHOD_MATCH = YES;
				COPY_PHASE_STRIP = NO;
				DEBUG_INFORMATION_FORMAT = dwarf;
				ENABLE_STRICT_OBJC_MSGSEND = YES;
				ENABLE_TESTABILITY = YES;
				GCC_C_LANGUAGE_STANDARD = gnu11;
				GCC_DYNAMIC_NO_PIC = NO;
				GCC_NO_COMMON_BLOCKS = YES;
				GCC_OPTIMIZATION_LEVEL = 0;
				GCC_PREPROCESSOR_DEFINITIONS = (
					"DEBUG=1",
					"$(inherited)",
				);
				GCC_WARN_64_TO_32_BIT_CONVERSION = YES;
				GCC_WARN_ABOUT_RETURN_TYPE = YES_ERROR;
				GCC_WARN_UNDECLARED_SELECTOR = YES;
				GCC_WARN_UNINITIALIZED_AUTOS = YES_AGGRESSIVE;
				GCC_WARN_UNUSED_FUNCTION = YES;
				GCC_WARN_UNUSED_VARIABLE = YES;
				IPHONEOS_DEPLOYMENT_TARGET = 16.2;
				MTL_ENABLE_DEBUG_INFO = INCLUDE_SOURCE;
				MTL_FAST_MATH = YES;
				ONLY_ACTIVE_ARCH = YES;
				SDKROOT = iphoneos;
				SWIFT_ACTIVE_COMPILATION_CONDITIONS = DEBUG;
				SWIFT_OPTIMIZATION_LEVEL = "-Onone";
			};
			name = Debug;
		};
		4EA739CD2B4E78BF00D6FD59 /* Release */ = {
			isa = XCBuildConfiguration;
			buildSettings = {
				ALWAYS_SEARCH_USER_PATHS = NO;
				CLANG_ANALYZER_NONNULL = YES;
				CLANG_ANALYZER_NUMBER_OBJECT_CONVERSION = YES_AGGRESSIVE;
				CLANG_CXX_LANGUAGE_STANDARD = "gnu++20";
				CLANG_ENABLE_MODULES = YES;
				CLANG_ENABLE_OBJC_ARC = YES;
				CLANG_ENABLE_OBJC_WEAK = YES;
				CLANG_WARN_BLOCK_CAPTURE_AUTORELEASING = YES;
				CLANG_WARN_BOOL_CONVERSION = YES;
				CLANG_WARN_COMMA = YES;
				CLANG_WARN_CONSTANT_CONVERSION = YES;
				CLANG_WARN_DEPRECATED_OBJC_IMPLEMENTATIONS = YES;
				CLANG_WARN_DIRECT_OBJC_ISA_USAGE = YES_ERROR;
				CLANG_WARN_DOCUMENTATION_COMMENTS = YES;
				CLANG_WARN_EMPTY_BODY = YES;
				CLANG_WARN_ENUM_CONVERSION = YES;
				CLANG_WARN_INFINITE_RECURSION = YES;
				CLANG_WARN_INT_CONVERSION = YES;
				CLANG_WARN_NON_LITERAL_NULL_CONVERSION = YES;
				CLANG_WARN_OBJC_IMPLICIT_RETAIN_SELF = YES;
				CLANG_WARN_OBJC_LITERAL_CONVERSION = YES;
				CLANG_WARN_OBJC_ROOT_CLASS = YES_ERROR;
				CLANG_WARN_QUOTED_INCLUDE_IN_FRAMEWORK_HEADER = YES;
				CLANG_WARN_RANGE_LOOP_ANALYSIS = YES;
				CLANG_WARN_STRICT_PROTOTYPES = YES;
				CLANG_WARN_SUSPICIOUS_MOVE = YES;
				CLANG_WARN_UNGUARDED_AVAILABILITY = YES_AGGRESSIVE;
				CLANG_WARN_UNREACHABLE_CODE = YES;
				CLANG_WARN__DUPLICATE_METHOD_MATCH = YES;
				COPY_PHASE_STRIP = NO;
				DEBUG_INFORMATION_FORMAT = "dwarf-with-dsym";
				ENABLE_NS_ASSERTIONS = NO;
				ENABLE_STRICT_OBJC_MSGSEND = YES;
				GCC_C_LANGUAGE_STANDARD = gnu11;
				GCC_NO_COMMON_BLOCKS = YES;
				GCC_WARN_64_TO_32_BIT_CONVERSION = YES;
				GCC_WARN_ABOUT_RETURN_TYPE = YES_ERROR;
				GCC_WARN_UNDECLARED_SELECTOR = YES;
				GCC_WARN_UNINITIALIZED_AUTOS = YES_AGGRESSIVE;
				GCC_WARN_UNUSED_FUNCTION = YES;
				GCC_WARN_UNUSED_VARIABLE = YES;
				IPHONEOS_DEPLOYMENT_TARGET = 16.2;
				MTL_ENABLE_DEBUG_INFO = NO;
				MTL_FAST_MATH = YES;
				SDKROOT = iphoneos;
				SWIFT_COMPILATION_MODE = wholemodule;
				SWIFT_OPTIMIZATION_LEVEL = "-O";
				VALIDATE_PRODUCT = YES;
			};
			name = Release;
		};
		4EA739CF2B4E78BF00D6FD59 /* Debug */ = {
			isa = XCBuildConfiguration;
			buildSettings = {
				ASSETCATALOG_COMPILER_APPICON_NAME = AppIcon;
				ASSETCATALOG_COMPILER_GLOBAL_ACCENT_COLOR_NAME = AccentColor;
				CODE_SIGN_STYLE = Automatic;
				CURRENT_PROJECT_VERSION = 1;
				DEVELOPMENT_ASSET_PATHS = "\"NBOnboardingEcommerceApp/Preview Content\"";
				DEVELOPMENT_TEAM = 683TVH5AU5;
				ENABLE_PREVIEWS = YES;
				GENERATE_INFOPLIST_FILE = YES;
				INFOPLIST_KEY_UIApplicationSceneManifest_Generation = YES;
				INFOPLIST_KEY_UIApplicationSupportsIndirectInputEvents = YES;
				INFOPLIST_KEY_UILaunchScreen_Generation = YES;
				INFOPLIST_KEY_UISupportedInterfaceOrientations_iPad = "UIInterfaceOrientationPortrait UIInterfaceOrientationPortraitUpsideDown UIInterfaceOrientationLandscapeLeft UIInterfaceOrientationLandscapeRight";
				INFOPLIST_KEY_UISupportedInterfaceOrientations_iPhone = "UIInterfaceOrientationPortrait UIInterfaceOrientationLandscapeLeft UIInterfaceOrientationLandscapeRight";
				LD_RUNPATH_SEARCH_PATHS = (
					"$(inherited)",
					"@executable_path/Frameworks",
				);
				MARKETING_VERSION = 1.0;
				PRODUCT_BUNDLE_IDENTIFIER = com.NBOnboardingEcommerceApp;
				PRODUCT_NAME = "$(TARGET_NAME)";
				SWIFT_EMIT_LOC_STRINGS = YES;
				SWIFT_VERSION = 5.0;
				TARGETED_DEVICE_FAMILY = "1,2";
			};
			name = Debug;
		};
		4EA739D02B4E78BF00D6FD59 /* Release */ = {
			isa = XCBuildConfiguration;
			buildSettings = {
				ASSETCATALOG_COMPILER_APPICON_NAME = AppIcon;
				ASSETCATALOG_COMPILER_GLOBAL_ACCENT_COLOR_NAME = AccentColor;
				CODE_SIGN_STYLE = Automatic;
				CURRENT_PROJECT_VERSION = 1;
				DEVELOPMENT_ASSET_PATHS = "\"NBOnboardingEcommerceApp/Preview Content\"";
				DEVELOPMENT_TEAM = 683TVH5AU5;
				ENABLE_PREVIEWS = YES;
				GENERATE_INFOPLIST_FILE = YES;
				INFOPLIST_KEY_UIApplicationSceneManifest_Generation = YES;
				INFOPLIST_KEY_UIApplicationSupportsIndirectInputEvents = YES;
				INFOPLIST_KEY_UILaunchScreen_Generation = YES;
				INFOPLIST_KEY_UISupportedInterfaceOrientations_iPad = "UIInterfaceOrientationPortrait UIInterfaceOrientationPortraitUpsideDown UIInterfaceOrientationLandscapeLeft UIInterfaceOrientationLandscapeRight";
				INFOPLIST_KEY_UISupportedInterfaceOrientations_iPhone = "UIInterfaceOrientationPortrait UIInterfaceOrientationLandscapeLeft UIInterfaceOrientationLandscapeRight";
				LD_RUNPATH_SEARCH_PATHS = (
					"$(inherited)",
					"@executable_path/Frameworks",
				);
				MARKETING_VERSION = 1.0;
				PRODUCT_BUNDLE_IDENTIFIER = com.NBOnboardingEcommerceApp;
				PRODUCT_NAME = "$(TARGET_NAME)";
				SWIFT_EMIT_LOC_STRINGS = YES;
				SWIFT_VERSION = 5.0;
				TARGETED_DEVICE_FAMILY = "1,2";
			};
			name = Release;
		};
		4EA739D22B4E78BF00D6FD59 /* Debug */ = {
			isa = XCBuildConfiguration;
			buildSettings = {
				ALWAYS_EMBED_SWIFT_STANDARD_LIBRARIES = YES;
				BUNDLE_LOADER = "$(TEST_HOST)";
				CODE_SIGN_STYLE = Automatic;
				CURRENT_PROJECT_VERSION = 1;
				DEVELOPMENT_TEAM = 683TVH5AU5;
				GENERATE_INFOPLIST_FILE = YES;
				IPHONEOS_DEPLOYMENT_TARGET = 16.2;
				MARKETING_VERSION = 1.0;
				PRODUCT_BUNDLE_IDENTIFIER = com.NBOnboardingEcommerceAppTests;
				PRODUCT_NAME = "$(TARGET_NAME)";
				SWIFT_EMIT_LOC_STRINGS = NO;
				SWIFT_VERSION = 5.0;
				TARGETED_DEVICE_FAMILY = "1,2";
				TEST_HOST = "$(BUILT_PRODUCTS_DIR)/NBOnboardingEcommerceApp.app/$(BUNDLE_EXECUTABLE_FOLDER_PATH)/NBOnboardingEcommerceApp";
			};
			name = Debug;
		};
		4EA739D32B4E78BF00D6FD59 /* Release */ = {
			isa = XCBuildConfiguration;
			buildSettings = {
				ALWAYS_EMBED_SWIFT_STANDARD_LIBRARIES = YES;
				BUNDLE_LOADER = "$(TEST_HOST)";
				CODE_SIGN_STYLE = Automatic;
				CURRENT_PROJECT_VERSION = 1;
				DEVELOPMENT_TEAM = 683TVH5AU5;
				GENERATE_INFOPLIST_FILE = YES;
				IPHONEOS_DEPLOYMENT_TARGET = 16.2;
				MARKETING_VERSION = 1.0;
				PRODUCT_BUNDLE_IDENTIFIER = com.NBOnboardingEcommerceAppTests;
				PRODUCT_NAME = "$(TARGET_NAME)";
				SWIFT_EMIT_LOC_STRINGS = NO;
				SWIFT_VERSION = 5.0;
				TARGETED_DEVICE_FAMILY = "1,2";
				TEST_HOST = "$(BUILT_PRODUCTS_DIR)/NBOnboardingEcommerceApp.app/$(BUNDLE_EXECUTABLE_FOLDER_PATH)/NBOnboardingEcommerceApp";
			};
			name = Release;
		};
		4EA739D52B4E78BF00D6FD59 /* Debug */ = {
			isa = XCBuildConfiguration;
			buildSettings = {
				ALWAYS_EMBED_SWIFT_STANDARD_LIBRARIES = YES;
				CODE_SIGN_STYLE = Automatic;
				CURRENT_PROJECT_VERSION = 1;
				DEVELOPMENT_TEAM = 683TVH5AU5;
				GENERATE_INFOPLIST_FILE = YES;
				MARKETING_VERSION = 1.0;
				PRODUCT_BUNDLE_IDENTIFIER = com.NBOnboardingEcommerceAppUITests;
				PRODUCT_NAME = "$(TARGET_NAME)";
				SWIFT_EMIT_LOC_STRINGS = NO;
				SWIFT_VERSION = 5.0;
				TARGETED_DEVICE_FAMILY = "1,2";
				TEST_TARGET_NAME = NBOnboardingEcommerceApp;
			};
			name = Debug;
		};
		4EA739D62B4E78BF00D6FD59 /* Release */ = {
			isa = XCBuildConfiguration;
			buildSettings = {
				ALWAYS_EMBED_SWIFT_STANDARD_LIBRARIES = YES;
				CODE_SIGN_STYLE = Automatic;
				CURRENT_PROJECT_VERSION = 1;
				DEVELOPMENT_TEAM = 683TVH5AU5;
				GENERATE_INFOPLIST_FILE = YES;
				MARKETING_VERSION = 1.0;
				PRODUCT_BUNDLE_IDENTIFIER = com.NBOnboardingEcommerceAppUITests;
				PRODUCT_NAME = "$(TARGET_NAME)";
				SWIFT_EMIT_LOC_STRINGS = NO;
				SWIFT_VERSION = 5.0;
				TARGETED_DEVICE_FAMILY = "1,2";
				TEST_TARGET_NAME = NBOnboardingEcommerceApp;
			};
			name = Release;
		};
/* End XCBuildConfiguration section */

/* Begin XCConfigurationList section */
		4EA739A52B4E78B900D6FD59 /* Build configuration list for PBXProject "NBOnboardingEcommerceApp" */ = {
			isa = XCConfigurationList;
			buildConfigurations = (
				4EA739CC2B4E78BF00D6FD59 /* Debug */,
				4EA739CD2B4E78BF00D6FD59 /* Release */,
			);
			defaultConfigurationIsVisible = 0;
			defaultConfigurationName = Release;
		};
		4EA739CE2B4E78BF00D6FD59 /* Build configuration list for PBXNativeTarget "NBOnboardingEcommerceApp" */ = {
			isa = XCConfigurationList;
			buildConfigurations = (
				4EA739CF2B4E78BF00D6FD59 /* Debug */,
				4EA739D02B4E78BF00D6FD59 /* Release */,
			);
			defaultConfigurationIsVisible = 0;
			defaultConfigurationName = Release;
		};
		4EA739D12B4E78BF00D6FD59 /* Build configuration list for PBXNativeTarget "NBOnboardingEcommerceAppTests" */ = {
			isa = XCConfigurationList;
			buildConfigurations = (
				4EA739D22B4E78BF00D6FD59 /* Debug */,
				4EA739D32B4E78BF00D6FD59 /* Release */,
			);
			defaultConfigurationIsVisible = 0;
			defaultConfigurationName = Release;
		};
		4EA739D42B4E78BF00D6FD59 /* Build configuration list for PBXNativeTarget "NBOnboardingEcommerceAppUITests" */ = {
			isa = XCConfigurationList;
			buildConfigurations = (
				4EA739D52B4E78BF00D6FD59 /* Debug */,
				4EA739D62B4E78BF00D6FD59 /* Release */,
			);
			defaultConfigurationIsVisible = 0;
			defaultConfigurationName = Release;
		};
/* End XCConfigurationList section */
	};
	rootObject = 4EA739A22B4E78B900D6FD59 /* Project object */;
}
